// !$*UTF8*$!
{
	archiveVersion = 1;
	classes = {
	};
	objectVersion = 46;
	objects = {

/* Begin PBXBuildFile section */
		B469322992B4F1A343D49360 /* libPods-Getir.a in Frameworks */ = {isa = PBXBuildFile; fileRef = 31D56891106A98EA6B67B40A /* libPods-Getir.a */; };
		CF8131681E7439FB0023584E /* loginViewController.m in Sources */ = {isa = PBXBuildFile; fileRef = CF8131671E7439FB0023584E /* loginViewController.m */; };
		CF81316B1E7DDCED0023584E /* Shape.m in Sources */ = {isa = PBXBuildFile; fileRef = CF81316A1E7DDCED0023584E /* Shape.m */; };
		CF81316F1E7DE31E0023584E /* User.m in Sources */ = {isa = PBXBuildFile; fileRef = CF81316E1E7DE31E0023584E /* User.m */; };
		CFAFFBB71E6DE37B004F37BE /* main.m in Sources */ = {isa = PBXBuildFile; fileRef = CFAFFBB61E6DE37B004F37BE /* main.m */; };
		CFAFFBBA1E6DE37B004F37BE /* AppDelegate.m in Sources */ = {isa = PBXBuildFile; fileRef = CFAFFBB91E6DE37B004F37BE /* AppDelegate.m */; };
		CFAFFBC01E6DE37B004F37BE /* Main.storyboard in Resources */ = {isa = PBXBuildFile; fileRef = CFAFFBBE1E6DE37B004F37BE /* Main.storyboard */; };
		CFAFFBC21E6DE37B004F37BE /* Assets.xcassets in Resources */ = {isa = PBXBuildFile; fileRef = CFAFFBC11E6DE37B004F37BE /* Assets.xcassets */; };
		CFAFFBC51E6DE37B004F37BE /* LaunchScreen.storyboard in Resources */ = {isa = PBXBuildFile; fileRef = CFAFFBC31E6DE37B004F37BE /* LaunchScreen.storyboard */; };
		CFF545411E6DFF5E004A40B2 /* CanvasViewController.m in Sources */ = {isa = PBXBuildFile; fileRef = CFF5453F1E6DFF5E004A40B2 /* CanvasViewController.m */; };
/* End PBXBuildFile section */

/* Begin PBXFileReference section */
		2E24F9399D9797B91AB456C8 /* Pods-Getir.release.xcconfig */ = {isa = PBXFileReference; includeInIndex = 1; lastKnownFileType = text.xcconfig; name = "Pods-Getir.release.xcconfig"; path = "Pods/Target Support Files/Pods-Getir/Pods-Getir.release.xcconfig"; sourceTree = "<group>"; };
		31D56891106A98EA6B67B40A /* libPods-Getir.a */ = {isa = PBXFileReference; explicitFileType = archive.ar; includeInIndex = 0; path = "libPods-Getir.a"; sourceTree = BUILT_PRODUCTS_DIR; };
		A531B45A7E93FFA37DD06B92 /* Pods-Getir.debug.xcconfig */ = {isa = PBXFileReference; includeInIndex = 1; lastKnownFileType = text.xcconfig; name = "Pods-Getir.debug.xcconfig"; path = "Pods/Target Support Files/Pods-Getir/Pods-Getir.debug.xcconfig"; sourceTree = "<group>"; };
		CF8131661E7439FB0023584E /* loginViewController.h */ = {isa = PBXFileReference; fileEncoding = 4; lastKnownFileType = sourcecode.c.h; path = loginViewController.h; sourceTree = "<group>"; };
		CF8131671E7439FB0023584E /* loginViewController.m */ = {isa = PBXFileReference; fileEncoding = 4; lastKnownFileType = sourcecode.c.objc; path = loginViewController.m; sourceTree = "<group>"; };
		CF8131691E7DDCED0023584E /* Shape.h */ = {isa = PBXFileReference; fileEncoding = 4; lastKnownFileType = sourcecode.c.h; path = Shape.h; sourceTree = "<group>"; };
		CF81316A1E7DDCED0023584E /* Shape.m */ = {isa = PBXFileReference; fileEncoding = 4; lastKnownFileType = sourcecode.c.objc; path = Shape.m; sourceTree = "<group>"; };
		CF81316D1E7DE31E0023584E /* User.h */ = {isa = PBXFileReference; fileEncoding = 4; lastKnownFileType = sourcecode.c.h; path = User.h; sourceTree = "<group>"; };
		CF81316E1E7DE31E0023584E /* User.m */ = {isa = PBXFileReference; fileEncoding = 4; lastKnownFileType = sourcecode.c.objc; path = User.m; sourceTree = "<group>"; };
		CFAFFBB21E6DE37B004F37BE /* Getir.app */ = {isa = PBXFileReference; explicitFileType = wrapper.application; includeInIndex = 0; path = Getir.app; sourceTree = BUILT_PRODUCTS_DIR; };
		CFAFFBB61E6DE37B004F37BE /* main.m */ = {isa = PBXFileReference; lastKnownFileType = sourcecode.c.objc; path = main.m; sourceTree = "<group>"; };
		CFAFFBB81E6DE37B004F37BE /* AppDelegate.h */ = {isa = PBXFileReference; lastKnownFileType = sourcecode.c.h; path = AppDelegate.h; sourceTree = "<group>"; };
		CFAFFBB91E6DE37B004F37BE /* AppDelegate.m */ = {isa = PBXFileReference; lastKnownFileType = sourcecode.c.objc; path = AppDelegate.m; sourceTree = "<group>"; };
		CFAFFBBF1E6DE37B004F37BE /* Base */ = {isa = PBXFileReference; lastKnownFileType = file.storyboard; name = Base; path = Base.lproj/Main.storyboard; sourceTree = "<group>"; };
		CFAFFBC11E6DE37B004F37BE /* Assets.xcassets */ = {isa = PBXFileReference; lastKnownFileType = folder.assetcatalog; path = Assets.xcassets; sourceTree = "<group>"; };
		CFAFFBC41E6DE37B004F37BE /* Base */ = {isa = PBXFileReference; lastKnownFileType = file.storyboard; name = Base; path = Base.lproj/LaunchScreen.storyboard; sourceTree = "<group>"; };
		CFAFFBC61E6DE37B004F37BE /* Info.plist */ = {isa = PBXFileReference; lastKnownFileType = text.plist.xml; path = Info.plist; sourceTree = "<group>"; };
		CFF5453E1E6DFF5E004A40B2 /* CanvasViewController.h */ = {isa = PBXFileReference; fileEncoding = 4; lastKnownFileType = sourcecode.c.h; name = CanvasViewController.h; path = Getir/CanvasViewController.h; sourceTree = "<group>"; };
		CFF5453F1E6DFF5E004A40B2 /* CanvasViewController.m */ = {isa = PBXFileReference; fileEncoding = 4; lastKnownFileType = sourcecode.c.objc; name = CanvasViewController.m; path = Getir/CanvasViewController.m; sourceTree = "<group>"; };
/* End PBXFileReference section */

/* Begin PBXFrameworksBuildPhase section */
		CFAFFBAF1E6DE37B004F37BE /* Frameworks */ = {
			isa = PBXFrameworksBuildPhase;
			buildActionMask = 2147483647;
			files = (
				B469322992B4F1A343D49360 /* libPods-Getir.a in Frameworks */,
			);
			runOnlyForDeploymentPostprocessing = 0;
		};
/* End PBXFrameworksBuildPhase section */

/* Begin PBXGroup section */
		6C27716FC60E6CB05DE9A81A /* Frameworks */ = {
			isa = PBXGroup;
			children = (
				31D56891106A98EA6B67B40A /* libPods-Getir.a */,
			);
			name = Frameworks;
			sourceTree = "<group>";
		};
		9875B832FC227C2D045A16A0 /* Pods */ = {
			isa = PBXGroup;
			children = (
				A531B45A7E93FFA37DD06B92 /* Pods-Getir.debug.xcconfig */,
				2E24F9399D9797B91AB456C8 /* Pods-Getir.release.xcconfig */,
			);
			name = Pods;
			sourceTree = "<group>";
		};
		CF81316C1E7DDCFE0023584E /* Models */ = {
			isa = PBXGroup;
			children = (
				CF8131691E7DDCED0023584E /* Shape.h */,
				CF81316A1E7DDCED0023584E /* Shape.m */,
				CF81316D1E7DE31E0023584E /* User.h */,
				CF81316E1E7DE31E0023584E /* User.m */,
			);
			name = Models;
			sourceTree = "<group>";
		};
		CFAFFBA91E6DE37B004F37BE = {
			isa = PBXGroup;
			children = (
				CFAFFBB41E6DE37B004F37BE /* Getir */,
				CFAFFBB31E6DE37B004F37BE /* Products */,
				9875B832FC227C2D045A16A0 /* Pods */,
				6C27716FC60E6CB05DE9A81A /* Frameworks */,
			);
			sourceTree = "<group>";
		};
		CFAFFBB31E6DE37B004F37BE /* Products */ = {
			isa = PBXGroup;
			children = (
				CFAFFBB21E6DE37B004F37BE /* Getir.app */,
			);
			name = Products;
			sourceTree = "<group>";
		};
		CFAFFBB41E6DE37B004F37BE /* Getir */ = {
			isa = PBXGroup;
			children = (
				CFAFFBB81E6DE37B004F37BE /* AppDelegate.h */,
				CFAFFBB91E6DE37B004F37BE /* AppDelegate.m */,
				CFAFFBBE1E6DE37B004F37BE /* Main.storyboard */,
				CFAFFBC11E6DE37B004F37BE /* Assets.xcassets */,
				CFAFFBC31E6DE37B004F37BE /* LaunchScreen.storyboard */,
				CFAFFBC61E6DE37B004F37BE /* Info.plist */,
				CFF545401E6DFF5E004A40B2 /* ViewControllers */,
				CFAFFBB51E6DE37B004F37BE /* Supporting Files */,
			);
			path = Getir;
			sourceTree = "<group>";
		};
		CFAFFBB51E6DE37B004F37BE /* Supporting Files */ = {
			isa = PBXGroup;
			children = (
				CFAFFBB61E6DE37B004F37BE /* main.m */,
			);
			name = "Supporting Files";
			sourceTree = "<group>";
		};
		CFF545401E6DFF5E004A40B2 /* ViewControllers */ = {
			isa = PBXGroup;
			children = (
				CF8131661E7439FB0023584E /* loginViewController.h */,
				CF8131671E7439FB0023584E /* loginViewController.m */,
				CFF5453E1E6DFF5E004A40B2 /* CanvasViewController.h */,
				CFF5453F1E6DFF5E004A40B2 /* CanvasViewController.m */,
				CF81316C1E7DDCFE0023584E /* Models */,
			);
			name = ViewControllers;
			path = ..;
			sourceTree = "<group>";
		};
/* End PBXGroup section */

/* Begin PBXNativeTarget section */
		CFAFFBB11E6DE37B004F37BE /* Getir */ = {
			isa = PBXNativeTarget;
			buildConfigurationList = CFAFFBC91E6DE37B004F37BE /* Build configuration list for PBXNativeTarget "Getir" */;
			buildPhases = (
				A86BA821433584CA6781744C /* [CP] Check Pods Manifest.lock */,
				CFAFFBAE1E6DE37B004F37BE /* Sources */,
				CFAFFBAF1E6DE37B004F37BE /* Frameworks */,
				CFAFFBB01E6DE37B004F37BE /* Resources */,
				5FE2948593ECAC1959977DC8 /* [CP] Embed Pods Frameworks */,
				574EFCB17B8B9C63BA418F2C /* [CP] Copy Pods Resources */,
			);
			buildRules = (
			);
			dependencies = (
			);
			name = Getir;
			productName = Getir;
			productReference = CFAFFBB21E6DE37B004F37BE /* Getir.app */;
			productType = "com.apple.product-type.application";
		};
/* End PBXNativeTarget section */

/* Begin PBXProject section */
		CFAFFBAA1E6DE37B004F37BE /* Project object */ = {
			isa = PBXProject;
			attributes = {
				LastUpgradeCheck = 0810;
				ORGANIZATIONNAME = "M. Buğra Atay";
				TargetAttributes = {
					CFAFFBB11E6DE37B004F37BE = {
						CreatedOnToolsVersion = 8.1;
						DevelopmentTeam = 39M8682LG7;
						ProvisioningStyle = Automatic;
					};
				};
			};
			buildConfigurationList = CFAFFBAD1E6DE37B004F37BE /* Build configuration list for PBXProject "Getir" */;
			compatibilityVersion = "Xcode 3.2";
			developmentRegion = English;
			hasScannedForEncodings = 0;
			knownRegions = (
				en,
				Base,
			);
			mainGroup = CFAFFBA91E6DE37B004F37BE;
			productRefGroup = CFAFFBB31E6DE37B004F37BE /* Products */;
			projectDirPath = "";
			projectRoot = "";
			targets = (
				CFAFFBB11E6DE37B004F37BE /* Getir */,
			);
		};
/* End PBXProject section */

/* Begin PBXResourcesBuildPhase section */
		CFAFFBB01E6DE37B004F37BE /* Resources */ = {
			isa = PBXResourcesBuildPhase;
			buildActionMask = 2147483647;
			files = (
				CFAFFBC51E6DE37B004F37BE /* LaunchScreen.storyboard in Resources */,
				CFAFFBC21E6DE37B004F37BE /* Assets.xcassets in Resources */,
				CFAFFBC01E6DE37B004F37BE /* Main.storyboard in Resources */,
			);
			runOnlyForDeploymentPostprocessing = 0;
		};
/* End PBXResourcesBuildPhase section */

/* Begin PBXShellScriptBuildPhase section */
		574EFCB17B8B9C63BA418F2C /* [CP] Copy Pods Resources */ = {
			isa = PBXShellScriptBuildPhase;
			buildActionMask = 2147483647;
			files = (
			);
			inputPaths = (
			);
			name = "[CP] Copy Pods Resources";
			outputPaths = (
			);
			runOnlyForDeploymentPostprocessing = 0;
			shellPath = /bin/sh;
			shellScript = "\"${SRCROOT}/Pods/Target Support Files/Pods-Getir/Pods-Getir-resources.sh\"\n";
			showEnvVarsInLog = 0;
		};
		5FE2948593ECAC1959977DC8 /* [CP] Embed Pods Frameworks */ = {
			isa = PBXShellScriptBuildPhase;
			buildActionMask = 2147483647;
			files = (
			);
			inputPaths = (
			);
			name = "[CP] Embed Pods Frameworks";
			outputPaths = (
			);
			runOnlyForDeploymentPostprocessing = 0;
			shellPath = /bin/sh;
			shellScript = "\"${SRCROOT}/Pods/Target Support Files/Pods-Getir/Pods-Getir-frameworks.sh\"\n";
			showEnvVarsInLog = 0;
		};
		A86BA821433584CA6781744C /* [CP] Check Pods Manifest.lock */ = {
			isa = PBXShellScriptBuildPhase;
			buildActionMask = 2147483647;
			files = (
			);
			inputPaths = (
			);
			name = "[CP] Check Pods Manifest.lock";
			outputPaths = (
			);
			runOnlyForDeploymentPostprocessing = 0;
			shellPath = /bin/sh;
			shellScript = "diff \"${PODS_ROOT}/../Podfile.lock\" \"${PODS_ROOT}/Manifest.lock\" > /dev/null\nif [ $? != 0 ] ; then\n    # print error to STDERR\n    echo \"error: The sandbox is not in sync with the Podfile.lock. Run 'pod install' or update your CocoaPods installation.\" >&2\n    exit 1\nfi\n";
			showEnvVarsInLog = 0;
		};
/* End PBXShellScriptBuildPhase section */

/* Begin PBXSourcesBuildPhase section */
		CFAFFBAE1E6DE37B004F37BE /* Sources */ = {
			isa = PBXSourcesBuildPhase;
			buildActionMask = 2147483647;
			files = (
				CFF545411E6DFF5E004A40B2 /* CanvasViewController.m in Sources */,
				CF8131681E7439FB0023584E /* loginViewController.m in Sources */,
				CF81316F1E7DE31E0023584E /* User.m in Sources */,
				CF81316B1E7DDCED0023584E /* Shape.m in Sources */,
				CFAFFBBA1E6DE37B004F37BE /* AppDelegate.m in Sources */,
				CFAFFBB71E6DE37B004F37BE /* main.m in Sources */,
			);
			runOnlyForDeploymentPostprocessing = 0;
		};
/* End PBXSourcesBuildPhase section */

/* Begin PBXVariantGroup section */
		CFAFFBBE1E6DE37B004F37BE /* Main.storyboard */ = {
			isa = PBXVariantGroup;
			children = (
				CFAFFBBF1E6DE37B004F37BE /* Base */,
			);
			name = Main.storyboard;
			sourceTree = "<group>";
		};
		CFAFFBC31E6DE37B004F37BE /* LaunchScreen.storyboard */ = {
			isa = PBXVariantGroup;
			children = (
				CFAFFBC41E6DE37B004F37BE /* Base */,
			);
			name = LaunchScreen.storyboard;
			sourceTree = "<group>";
		};
/* End PBXVariantGroup section */

/* Begin XCBuildConfiguration section */
		CFAFFBC71E6DE37B004F37BE /* Debug */ = {
			isa = XCBuildConfiguration;
			buildSettings = {
				ALWAYS_SEARCH_USER_PATHS = NO;
				CLANG_ANALYZER_NONNULL = YES;
				CLANG_CXX_LANGUAGE_STANDARD = "gnu++0x";
				CLANG_CXX_LIBRARY = "libc++";
				CLANG_ENABLE_MODULES = YES;
				CLANG_ENABLE_OBJC_ARC = YES;
				CLANG_WARN_BOOL_CONVERSION = YES;
				CLANG_WARN_CONSTANT_CONVERSION = YES;
				CLANG_WARN_DIRECT_OBJC_ISA_USAGE = YES_ERROR;
				CLANG_WARN_DOCUMENTATION_COMMENTS = YES;
				CLANG_WARN_EMPTY_BODY = YES;
				CLANG_WARN_ENUM_CONVERSION = YES;
				CLANG_WARN_INFINITE_RECURSION = YES;
				CLANG_WARN_INT_CONVERSION = YES;
				CLANG_WARN_OBJC_ROOT_CLASS = YES_ERROR;
				CLANG_WARN_SUSPICIOUS_MOVES = YES;
				CLANG_WARN_UNREACHABLE_CODE = YES;
				CLANG_WARN__DUPLICATE_METHOD_MATCH = YES;
				"CODE_SIGN_IDENTITY[sdk=iphoneos*]" = "iPhone Developer";
				COPY_PHASE_STRIP = NO;
				DEBUG_INFORMATION_FORMAT = dwarf;
				ENABLE_STRICT_OBJC_MSGSEND = YES;
				ENABLE_TESTABILITY = YES;
				GCC_C_LANGUAGE_STANDARD = gnu99;
				GCC_DYNAMIC_NO_PIC = NO;
				GCC_NO_COMMON_BLOCKS = YES;
				GCC_OPTIMIZATION_LEVEL = 0;
				GCC_PREPROCESSOR_DEFINITIONS = (
					"DEBUG=1",
					"$(inherited)",
				);
				GCC_WARN_64_TO_32_BIT_CONVERSION = YES;
				GCC_WARN_ABOUT_RETURN_TYPE = YES_ERROR;
				GCC_WARN_UNDECLARED_SELECTOR = YES;
				GCC_WARN_UNINITIALIZED_AUTOS = YES_AGGRESSIVE;
				GCC_WARN_UNUSED_FUNCTION = YES;
				GCC_WARN_UNUSED_VARIABLE = YES;
				IPHONEOS_DEPLOYMENT_TARGET = 10.1;
				MTL_ENABLE_DEBUG_INFO = YES;
				ONLY_ACTIVE_ARCH = YES;
				SDKROOT = iphoneos;
			};
			name = Debug;
		};
		CFAFFBC81E6DE37B004F37BE /* Release */ = {
			isa = XCBuildConfiguration;
			buildSettings = {
				ALWAYS_SEARCH_USER_PATHS = NO;
				CLANG_ANALYZER_NONNULL = YES;
				CLANG_CXX_LANGUAGE_STANDARD = "gnu++0x";
				CLANG_CXX_LIBRARY = "libc++";
				CLANG_ENABLE_MODULES = YES;
				CLANG_ENABLE_OBJC_ARC = YES;
				CLANG_WARN_BOOL_CONVERSION = YES;
				CLANG_WARN_CONSTANT_CONVERSION = YES;
				CLANG_WARN_DIRECT_OBJC_ISA_USAGE = YES_ERROR;
				CLANG_WARN_DOCUMENTATION_COMMENTS = YES;
				CLANG_WARN_EMPTY_BODY = YES;
				CLANG_WARN_ENUM_CONVERSION = YES;
				CLANG_WARN_INFINITE_RECURSION = YES;
				CLANG_WARN_INT_CONVERSION = YES;
				CLANG_WARN_OBJC_ROOT_CLASS = YES_ERROR;
				CLANG_WARN_SUSPICIOUS_MOVES = YES;
				CLANG_WARN_UNREACHABLE_CODE = YES;
				CLANG_WARN__DUPLICATE_METHOD_MATCH = YES;
				"CODE_SIGN_IDENTITY[sdk=iphoneos*]" = "iPhone Developer";
				COPY_PHASE_STRIP = NO;
				DEBUG_INFORMATION_FORMAT = "dwarf-with-dsym";
				ENABLE_NS_ASSERTIONS = NO;
				ENABLE_STRICT_OBJC_MSGSEND = YES;
				GCC_C_LANGUAGE_STANDARD = gnu99;
				GCC_NO_COMMON_BLOCKS = YES;
				GCC_WARN_64_TO_32_BIT_CONVERSION = YES;
				GCC_WARN_ABOUT_RETURN_TYPE = YES_ERROR;
				GCC_WARN_UNDECLARED_SELECTOR = YES;
				GCC_WARN_UNINITIALIZED_AUTOS = YES_AGGRESSIVE;
				GCC_WARN_UNUSED_FUNCTION = YES;
				GCC_WARN_UNUSED_VARIABLE = YES;
				IPHONEOS_DEPLOYMENT_TARGET = 10.1;
				MTL_ENABLE_DEBUG_INFO = NO;
				SDKROOT = iphoneos;
				VALIDATE_PRODUCT = YES;
			};
			name = Release;
		};
		CFAFFBCA1E6DE37B004F37BE /* Debug */ = {
			isa = XCBuildConfiguration;
			baseConfigurationReference = A531B45A7E93FFA37DD06B92 /* Pods-Getir.debug.xcconfig */;
			buildSettings = {
				ASSETCATALOG_COMPILER_APPICON_NAME = AppIcon;
				DEVELOPMENT_TEAM = 39M8682LG7;
				INFOPLIST_FILE = Getir/Info.plist;
				LD_RUNPATH_SEARCH_PATHS = "$(inherited) @executable_path/Frameworks";
				PRODUCT_BUNDLE_IDENTIFIER = mba.Getir;
				PRODUCT_NAME = "$(TARGET_NAME)";
			};
			name = Debug;
		};
		CFAFFBCB1E6DE37B004F37BE /* Release */ = {
			isa = XCBuildConfiguration;
			baseConfigurationReference = 2E24F9399D9797B91AB456C8 /* Pods-Getir.release.xcconfig */;
			buildSettings = {
				ASSETCATALOG_COMPILER_APPICON_NAME = AppIcon;
				DEVELOPMENT_TEAM = 39M8682LG7;
				INFOPLIST_FILE = Getir/Info.plist;
				LD_RUNPATH_SEARCH_PATHS = "$(inherited) @executable_path/Frameworks";
				PRODUCT_BUNDLE_IDENTIFIER = mba.Getir;
				PRODUCT_NAME = "$(TARGET_NAME)";
			};
			name = Release;
		};
/* End XCBuildConfiguration section */

/* Begin XCConfigurationList section */
		CFAFFBAD1E6DE37B004F37BE /* Build configuration list for PBXProject "Getir" */ = {
			isa = XCConfigurationList;
			buildConfigurations = (
				CFAFFBC71E6DE37B004F37BE /* Debug */,
				CFAFFBC81E6DE37B004F37BE /* Release */,
			);
			defaultConfigurationIsVisible = 0;
			defaultConfigurationName = Release;
		};
		CFAFFBC91E6DE37B004F37BE /* Build configuration list for PBXNativeTarget "Getir" */ = {
			isa = XCConfigurationList;
			buildConfigurations = (
				CFAFFBCA1E6DE37B004F37BE /* Debug */,
				CFAFFBCB1E6DE37B004F37BE /* Release */,
			);
			defaultConfigurationIsVisible = 0;
			defaultConfigurationName = Release;
		};
/* End XCConfigurationList section */
	};
	rootObject = CFAFFBAA1E6DE37B004F37BE /* Project object */;
}
